{
  "version": "5",
  "specifiers": {
    "npm:tailwindcss@^4.1.14": "4.1.14",
    "npm:typescript@~5.6.2": "5.6.3"
  },
  "npm": {
    "tailwindcss@4.1.14": {
      "integrity": "sha512-b7pCxjGO98LnxVkKjaZSDeNuljC4ueKUddjENJOADtubtdo8llTaJy7HwBMeLNSSo2N5QIAgklslK1+Ir8r6CA=="
    },
    "typescript@5.6.3": {
      "integrity": "sha512-hjcS1mhfuyi4WW8IWtjP7brDrG2cuDZukyrYrSauoXGNgx0S7zceP07adYkJycEr56BOUTNPzbInooiN3fn1qw==",
      "bin": true
    }
  },
  "workspace": {
    "packageJson": {
      "dependencies": [
        "npm:@cloudflare/workers-types@^4.20251004.0",
        "npm:@solidjs/meta@~0.29.4",
        "npm:@tailwindcss/postcss@^4.1.14",
        "npm:@tailwindcss/vite@^4.1.14",
        "npm:autoprefixer@^10.4.20",
        "npm:postcss@^8.4.47",
        "npm:solid-icons@^1.1.0",
        "npm:solid-js@^1.9.3",
        "npm:tailwindcss@^4.1.14",
        "npm:typescript@~5.6.2",
        "npm:vite-plugin-solid@^2.10.2",
        "npm:vite@^6.3.5",
        "npm:wrangler@^3.114.15"
      ]
    }
  }
}
